
Microsoft Visual Studio Solution File, Format Version 12.00
# Visual Studio Version 17
VisualStudioVersion = 17.4.33122.133
MinimumVisualStudioVersion = 10.0.40219.1
Project("{9A19103F-16F7-4668-BE54-9A1E7A4F7556}") = "Messenger", "Messenger.csproj", "{41AF7D68-4332-40D9-8E9B-124563541333}"
EndProject
Project("{9A19103F-16F7-4668-BE54-9A1E7A4F7556}") = "Messenger.Model", "..\Messenger.Model\Messenger.Model.csproj", "{DACECFFB-64DA-45AB-BAEB-91A31BBE5FD8}"
EndProject
Project("{9A19103F-16F7-4668-BE54-9A1E7A4F7556}") = "Messenger.DataContext", "..\Messenger.DataContext\Messenger.DataContext.csproj", "{112BBEA9-6329-4018-9106-D0E48F1B8D01}"
EndProject
Project("{FAE04EC0-301F-11D3-BF4B-00C04F79EFBC}") = "Messenger.Service", "..\Messenger.Service\Messenger.Service.csproj", "{3659DAED-B6A4-4BB1-9CDC-865B95F3E606}"
EndProject
Project("{FAE04EC0-301F-11D3-BF4B-00C04F79EFBC}") = "Messenger.Repository", "..\Messenger.Repository\Messenger.Repository.csproj", "{BDB5D39A-BA97-4EDD-8AB8-D9B0D2EA9E38}"
EndProject
Global
	GlobalSection(SolutionConfigurationPlatforms) = preSolution
		Debug|Any CPU = Debug|Any CPU
		Release|Any CPU = Release|Any CPU
	EndGlobalSection
	GlobalSection(ProjectConfigurationPlatforms) = postSolution
		{41AF7D68-4332-40D9-8E9B-124563541333}.Debug|Any CPU.ActiveCfg = Debug|Any CPU
		{41AF7D68-4332-40D9-8E9B-124563541333}.Debug|Any CPU.Build.0 = Debug|Any CPU
		{41AF7D68-4332-40D9-8E9B-124563541333}.Release|Any CPU.ActiveCfg = Release|Any CPU
		{41AF7D68-4332-40D9-8E9B-124563541333}.Release|Any CPU.Build.0 = Release|Any CPU
		{DACECFFB-64DA-45AB-BAEB-91A31BBE5FD8}.Debug|Any CPU.ActiveCfg = Debug|Any CPU
		{DACECFFB-64DA-45AB-BAEB-91A31BBE5FD8}.Debug|Any CPU.Build.0 = Debug|Any CPU
		{DACECFFB-64DA-45AB-BAEB-91A31BBE5FD8}.Release|Any CPU.ActiveCfg = Release|Any CPU
		{DACECFFB-64DA-45AB-BAEB-91A31BBE5FD8}.Release|Any CPU.Build.0 = Release|Any CPU
		{112BBEA9-6329-4018-9106-D0E48F1B8D01}.Debug|Any CPU.ActiveCfg = Debug|Any CPU
		{112BBEA9-6329-4018-9106-D0E48F1B8D01}.Debug|Any CPU.Build.0 = Debug|Any CPU
		{112BBEA9-6329-4018-9106-D0E48F1B8D01}.Release|Any CPU.ActiveCfg = Release|Any CPU
		{112BBEA9-6329-4018-9106-D0E48F1B8D01}.Release|Any CPU.Build.0 = Release|Any CPU
		{3659DAED-B6A4-4BB1-9CDC-865B95F3E606}.Debug|Any CPU.ActiveCfg = Debug|Any CPU
		{3659DAED-B6A4-4BB1-9CDC-865B95F3E606}.Debug|Any CPU.Build.0 = Debug|Any CPU
		{3659DAED-B6A4-4BB1-9CDC-865B95F3E606}.Release|Any CPU.ActiveCfg = Release|Any CPU
		{3659DAED-B6A4-4BB1-9CDC-865B95F3E606}.Release|Any CPU.Build.0 = Release|Any CPU
		{BDB5D39A-BA97-4EDD-8AB8-D9B0D2EA9E38}.Debug|Any CPU.ActiveCfg = Debug|Any CPU
		{BDB5D39A-BA97-4EDD-8AB8-D9B0D2EA9E38}.Debug|Any CPU.Build.0 = Debug|Any CPU
		{BDB5D39A-BA97-4EDD-8AB8-D9B0D2EA9E38}.Release|Any CPU.ActiveCfg = Release|Any CPU
		{BDB5D39A-BA97-4EDD-8AB8-D9B0D2EA9E38}.Release|Any CPU.Build.0 = Release|Any CPU
	EndGlobalSection
	GlobalSection(SolutionProperties) = preSolution
		HideSolutionNode = FALSE
	EndGlobalSection
	GlobalSection(ExtensibilityGlobals) = postSolution
		SolutionGuid = {E50CE1B5-51C5-4578-AACA-9735092413E6}
	EndGlobalSection
EndGlobal
